
Microsoft Visual Studio Solution File, Format Version 12.00
# Visual Studio Version 17
VisualStudioVersion = 17.6.33829.357
MinimumVisualStudioVersion = 10.0.40219.1
Project("{FAE04EC0-301F-11D3-BF4B-00C04F79EFBC}") = "CSVParsing.Web", "CSVParsing.Web\CSVParsing.Web.csproj", "{14F7BB3E-7AE6-4736-B810-12A028280DD0}"
EndProject
Project("{FAE04EC0-301F-11D3-BF4B-00C04F79EFBC}") = "CSVParsing.Data", "CSVParsing.Data\CSVParsing.Data.csproj", "{0A7141B4-080D-4F68-9AB9-72131B426A37}"
EndProject
Global
	GlobalSection(SolutionConfigurationPlatforms) = preSolution
		Debug|Any CPU = Debug|Any CPU
		Release|Any CPU = Release|Any CPU
	EndGlobalSection
	GlobalSection(ProjectConfigurationPlatforms) = postSolution
		{14F7BB3E-7AE6-4736-B810-12A028280DD0}.Debug|Any CPU.ActiveCfg = Debug|Any CPU
		{14F7BB3E-7AE6-4736-B810-12A028280DD0}.Debug|Any CPU.Build.0 = Debug|Any CPU
		{14F7BB3E-7AE6-4736-B810-12A028280DD0}.Release|Any CPU.ActiveCfg = Release|Any CPU
		{14F7BB3E-7AE6-4736-B810-12A028280DD0}.Release|Any CPU.Build.0 = Release|Any CPU
		{0A7141B4-080D-4F68-9AB9-72131B426A37}.Debug|Any CPU.ActiveCfg = Debug|Any CPU
		{0A7141B4-080D-4F68-9AB9-72131B426A37}.Debug|Any CPU.Build.0 = Debug|Any CPU
		{0A7141B4-080D-4F68-9AB9-72131B426A37}.Release|Any CPU.ActiveCfg = Release|Any CPU
		{0A7141B4-080D-4F68-9AB9-72131B426A37}.Release|Any CPU.Build.0 = Release|Any CPU
	EndGlobalSection
	GlobalSection(SolutionProperties) = preSolution
		HideSolutionNode = FALSE
	EndGlobalSection
	GlobalSection(ExtensibilityGlobals) = postSolution
		SolutionGuid = {24514A84-F0C8-426B-BE27-D434575BDD88}
	EndGlobalSection
EndGlobal
